
Microsoft Visual Studio Solution File, Format Version 12.00
# Visual Studio Version 16
VisualStudioVersion = 16.0.31729.503
MinimumVisualStudioVersion = 10.0.40219.1
Project("{8BC9CEB8-8B4A-11D0-8D11-00A0C91BC942}") = "排序", "排序.vcxproj", "{BF87CF48-E9D2-435B-BD3C-8A27EF499DCA}"
EndProject
Global
	GlobalSection(SolutionConfigurationPlatforms) = preSolution
		Debug|x64 = Debug|x64
		Debug|x86 = Debug|x86
		Release|x64 = Release|x64
		Release|x86 = Release|x86
	EndGlobalSection
	GlobalSection(ProjectConfigurationPlatforms) = postSolution
		{BF87CF48-E9D2-435B-BD3C-8A27EF499DCA}.Debug|x64.ActiveCfg = Debug|x64
		{BF87CF48-E9D2-435B-BD3C-8A27EF499DCA}.Debug|x64.Build.0 = Debug|x64
		{BF87CF48-E9D2-435B-BD3C-8A27EF499DCA}.Debug|x86.ActiveCfg = Debug|Win32
		{BF87CF48-E9D2-435B-BD3C-8A27EF499DCA}.Debug|x86.Build.0 = Debug|Win32
		{BF87CF48-E9D2-435B-BD3C-8A27EF499DCA}.Release|x64.ActiveCfg = Release|x64
		{BF87CF48-E9D2-435B-BD3C-8A27EF499DCA}.Release|x64.Build.0 = Release|x64
		{BF87CF48-E9D2-435B-BD3C-8A27EF499DCA}.Release|x86.ActiveCfg = Release|Win32
		{BF87CF48-E9D2-435B-BD3C-8A27EF499DCA}.Release|x86.Build.0 = Release|Win32
	EndGlobalSection
	GlobalSection(SolutionProperties) = preSolution
		HideSolutionNode = FALSE
	EndGlobalSection
	GlobalSection(ExtensibilityGlobals) = postSolution
		SolutionGuid = {AB5D2278-DAE5-4F42-AD08-E281C585A10A}
	EndGlobalSection
EndGlobal
