
Microsoft Visual Studio Solution File, Format Version 12.00
# Visual Studio Version 17
VisualStudioVersion = 17.0.32014.148
MinimumVisualStudioVersion = 10.0.40219.1
Project("{8BC9CEB8-8B4A-11D0-8D11-00A0C91BC942}") = "从文件读出字符串", "从文件读出字符串.vcxproj", "{F4639135-4246-41AE-AFE7-F26DE36B4B93}"
EndProject
Global
	GlobalSection(SolutionConfigurationPlatforms) = preSolution
		Debug|x64 = Debug|x64
		Debug|x86 = Debug|x86
		Release|x64 = Release|x64
		Release|x86 = Release|x86
	EndGlobalSection
	GlobalSection(ProjectConfigurationPlatforms) = postSolution
		{F4639135-4246-41AE-AFE7-F26DE36B4B93}.Debug|x64.ActiveCfg = Debug|x64
		{F4639135-4246-41AE-AFE7-F26DE36B4B93}.Debug|x64.Build.0 = Debug|x64
		{F4639135-4246-41AE-AFE7-F26DE36B4B93}.Debug|x86.ActiveCfg = Debug|Win32
		{F4639135-4246-41AE-AFE7-F26DE36B4B93}.Debug|x86.Build.0 = Debug|Win32
		{F4639135-4246-41AE-AFE7-F26DE36B4B93}.Release|x64.ActiveCfg = Release|x64
		{F4639135-4246-41AE-AFE7-F26DE36B4B93}.Release|x64.Build.0 = Release|x64
		{F4639135-4246-41AE-AFE7-F26DE36B4B93}.Release|x86.ActiveCfg = Release|Win32
		{F4639135-4246-41AE-AFE7-F26DE36B4B93}.Release|x86.Build.0 = Release|Win32
	EndGlobalSection
	GlobalSection(SolutionProperties) = preSolution
		HideSolutionNode = FALSE
	EndGlobalSection
	GlobalSection(ExtensibilityGlobals) = postSolution
		SolutionGuid = {10D719E2-2B59-41FB-9064-347373253751}
	EndGlobalSection
EndGlobal
